
Microsoft Visual Studio Solution File, Format Version 12.00
# Visual Studio 2013
VisualStudioVersion = 12.0.21005.1
MinimumVisualStudioVersion = 10.0.40219.1
Project("{FAE04EC0-301F-11D3-BF4B-00C04F79EFBC}") = "BioEnumerator", "BioEnumerator\BioEnumerator.csproj", "{C3F00270-79CD-4274-A85A-25FF88EA92E2}"
EndProject
Project("{6141683F-8A12-4E36-9623-2EB02B2C2303}") = "EnrollerInstallation", "EnrollerInstallation\EnrollerInstallation.isproj", "{FC6CEABE-E0DB-4E6E-9666-95AF49E1DF9E}"
	ProjectSection(ProjectDependencies) = postProject
		{C3F00270-79CD-4274-A85A-25FF88EA92E2} = {C3F00270-79CD-4274-A85A-25FF88EA92E2}
	EndProjectSection
EndProject
Global
	GlobalSection(SubversionScc) = preSolution
		Svn-Managed = True
		Manager = AnkhSVN - Subversion Support for Visual Studio
	EndGlobalSection
	GlobalSection(SolutionConfigurationPlatforms) = preSolution
		CD_ROM|Any CPU = CD_ROM|Any CPU
		Debug|Any CPU = Debug|Any CPU
		DVD-5|Any CPU = DVD-5|Any CPU
		Release|Any CPU = Release|Any CPU
		SingleImage|Any CPU = SingleImage|Any CPU
	EndGlobalSection
	GlobalSection(ProjectConfigurationPlatforms) = postSolution
		{C3F00270-79CD-4274-A85A-25FF88EA92E2}.CD_ROM|Any CPU.ActiveCfg = Release|Any CPU
		{C3F00270-79CD-4274-A85A-25FF88EA92E2}.CD_ROM|Any CPU.Build.0 = Release|Any CPU
		{C3F00270-79CD-4274-A85A-25FF88EA92E2}.Debug|Any CPU.ActiveCfg = Debug|Any CPU
		{C3F00270-79CD-4274-A85A-25FF88EA92E2}.Debug|Any CPU.Build.0 = Debug|Any CPU
		{C3F00270-79CD-4274-A85A-25FF88EA92E2}.DVD-5|Any CPU.ActiveCfg = Debug|Any CPU
		{C3F00270-79CD-4274-A85A-25FF88EA92E2}.DVD-5|Any CPU.Build.0 = Debug|Any CPU
		{C3F00270-79CD-4274-A85A-25FF88EA92E2}.Release|Any CPU.ActiveCfg = Release|Any CPU
		{C3F00270-79CD-4274-A85A-25FF88EA92E2}.Release|Any CPU.Build.0 = Release|Any CPU
		{C3F00270-79CD-4274-A85A-25FF88EA92E2}.SingleImage|Any CPU.ActiveCfg = Release|Any CPU
		{C3F00270-79CD-4274-A85A-25FF88EA92E2}.SingleImage|Any CPU.Build.0 = Release|Any CPU
		{FC6CEABE-E0DB-4E6E-9666-95AF49E1DF9E}.CD_ROM|Any CPU.ActiveCfg = CD_ROM
		{FC6CEABE-E0DB-4E6E-9666-95AF49E1DF9E}.CD_ROM|Any CPU.Build.0 = CD_ROM
		{FC6CEABE-E0DB-4E6E-9666-95AF49E1DF9E}.Debug|Any CPU.ActiveCfg = DVD-5
		{FC6CEABE-E0DB-4E6E-9666-95AF49E1DF9E}.Debug|Any CPU.Build.0 = DVD-5
		{FC6CEABE-E0DB-4E6E-9666-95AF49E1DF9E}.DVD-5|Any CPU.ActiveCfg = DVD-5
		{FC6CEABE-E0DB-4E6E-9666-95AF49E1DF9E}.DVD-5|Any CPU.Build.0 = DVD-5
		{FC6CEABE-E0DB-4E6E-9666-95AF49E1DF9E}.Release|Any CPU.ActiveCfg = SingleImage
		{FC6CEABE-E0DB-4E6E-9666-95AF49E1DF9E}.Release|Any CPU.Build.0 = SingleImage
		{FC6CEABE-E0DB-4E6E-9666-95AF49E1DF9E}.SingleImage|Any CPU.ActiveCfg = SingleImage
		{FC6CEABE-E0DB-4E6E-9666-95AF49E1DF9E}.SingleImage|Any CPU.Build.0 = SingleImage
	EndGlobalSection
	GlobalSection(SolutionProperties) = preSolution
		HideSolutionNode = FALSE
	EndGlobalSection
EndGlobal
